// !$*UTF8*$!
{
	archiveVersion = 1;
	classes = {
	};
	objectVersion = 50;
	objects = {

/* Begin PBXBuildFile section */
		65E228507EACFD5A976F60CA /* Pods_Flix.framework in Frameworks */ = {isa = PBXBuildFile; fileRef = 4D548EDA1658ED7DA96C0E3E /* Pods_Flix.framework */; };
		88503015C3DE424F25640772 /* Pods_FlixUITests.framework in Frameworks */ = {isa = PBXBuildFile; fileRef = 8F52197F063CBC6BCCD768A2 /* Pods_FlixUITests.framework */; };
		D332897D65AF9CC260D879AB /* Pods_FlixTests.framework in Frameworks */ = {isa = PBXBuildFile; fileRef = B82E6EC5DA93125F4EC5721D /* Pods_FlixTests.framework */; };
		DB7C766F2156F6300095B551 /* AppDelegate.swift in Sources */ = {isa = PBXBuildFile; fileRef = DB7C766E2156F6300095B551 /* AppDelegate.swift */; };
		DB7C76742156F6300095B551 /* Main.storyboard in Resources */ = {isa = PBXBuildFile; fileRef = DB7C76722156F6300095B551 /* Main.storyboard */; };
		DB7C76762156F6300095B551 /* Assets.xcassets in Resources */ = {isa = PBXBuildFile; fileRef = DB7C76752156F6300095B551 /* Assets.xcassets */; };
		DB7C76792156F6300095B551 /* LaunchScreen.storyboard in Resources */ = {isa = PBXBuildFile; fileRef = DB7C76772156F6300095B551 /* LaunchScreen.storyboard */; };
		DB7C76842156F6300095B551 /* FlixTests.swift in Sources */ = {isa = PBXBuildFile; fileRef = DB7C76832156F6300095B551 /* FlixTests.swift */; };
		DB7C768F2156F6300095B551 /* FlixUITests.swift in Sources */ = {isa = PBXBuildFile; fileRef = DB7C768E2156F6300095B551 /* FlixUITests.swift */; };
		DB7C769D2156F7720095B551 /* NowPlayingViewController.swift in Sources */ = {isa = PBXBuildFile; fileRef = DB7C769C2156F7720095B551 /* NowPlayingViewController.swift */; };
		DB7C769F2156FEAE0095B551 /* MovieCell.swift in Sources */ = {isa = PBXBuildFile; fileRef = DB7C769E2156FEAE0095B551 /* MovieCell.swift */; };
/* End PBXBuildFile section */

/* Begin PBXContainerItemProxy section */
		DB7C76802156F6300095B551 /* PBXContainerItemProxy */ = {
			isa = PBXContainerItemProxy;
			containerPortal = DB7C76632156F6300095B551 /* Project object */;
			proxyType = 1;
			remoteGlobalIDString = DB7C766A2156F6300095B551;
			remoteInfo = Flix;
		};
		DB7C768B2156F6300095B551 /* PBXContainerItemProxy */ = {
			isa = PBXContainerItemProxy;
			containerPortal = DB7C76632156F6300095B551 /* Project object */;
			proxyType = 1;
			remoteGlobalIDString = DB7C766A2156F6300095B551;
			remoteInfo = Flix;
		};
/* End PBXContainerItemProxy section */

/* Begin PBXFileReference section */
		3CABAC138A6CA9B66E44EEC5 /* Pods-FlixUITests.debug.xcconfig */ = {isa = PBXFileReference; includeInIndex = 1; lastKnownFileType = text.xcconfig; name = "Pods-FlixUITests.debug.xcconfig"; path = "Pods/Target Support Files/Pods-FlixUITests/Pods-FlixUITests.debug.xcconfig"; sourceTree = "<group>"; };
		4D548EDA1658ED7DA96C0E3E /* Pods_Flix.framework */ = {isa = PBXFileReference; explicitFileType = wrapper.framework; includeInIndex = 0; path = Pods_Flix.framework; sourceTree = BUILT_PRODUCTS_DIR; };
		7235F2A7A50449100A473040 /* Pods-Flix.release.xcconfig */ = {isa = PBXFileReference; includeInIndex = 1; lastKnownFileType = text.xcconfig; name = "Pods-Flix.release.xcconfig"; path = "Pods/Target Support Files/Pods-Flix/Pods-Flix.release.xcconfig"; sourceTree = "<group>"; };
		824E4233BD6DDF0325D3841C /* Pods-FlixTests.release.xcconfig */ = {isa = PBXFileReference; includeInIndex = 1; lastKnownFileType = text.xcconfig; name = "Pods-FlixTests.release.xcconfig"; path = "Pods/Target Support Files/Pods-FlixTests/Pods-FlixTests.release.xcconfig"; sourceTree = "<group>"; };
		8F52197F063CBC6BCCD768A2 /* Pods_FlixUITests.framework */ = {isa = PBXFileReference; explicitFileType = wrapper.framework; includeInIndex = 0; path = Pods_FlixUITests.framework; sourceTree = BUILT_PRODUCTS_DIR; };
		951BA74079BBA59CACDAB9C9 /* Pods-Flix.debug.xcconfig */ = {isa = PBXFileReference; includeInIndex = 1; lastKnownFileType = text.xcconfig; name = "Pods-Flix.debug.xcconfig"; path = "Pods/Target Support Files/Pods-Flix/Pods-Flix.debug.xcconfig"; sourceTree = "<group>"; };
		AA607FFC8237FBC4788DCD1C /* Pods-FlixUITests.release.xcconfig */ = {isa = PBXFileReference; includeInIndex = 1; lastKnownFileType = text.xcconfig; name = "Pods-FlixUITests.release.xcconfig"; path = "Pods/Target Support Files/Pods-FlixUITests/Pods-FlixUITests.release.xcconfig"; sourceTree = "<group>"; };
		B82E6EC5DA93125F4EC5721D /* Pods_FlixTests.framework */ = {isa = PBXFileReference; explicitFileType = wrapper.framework; includeInIndex = 0; path = Pods_FlixTests.framework; sourceTree = BUILT_PRODUCTS_DIR; };
		DB7C766B2156F6300095B551 /* Flix.app */ = {isa = PBXFileReference; explicitFileType = wrapper.application; includeInIndex = 0; path = Flix.app; sourceTree = BUILT_PRODUCTS_DIR; };
		DB7C766E2156F6300095B551 /* AppDelegate.swift */ = {isa = PBXFileReference; lastKnownFileType = sourcecode.swift; path = AppDelegate.swift; sourceTree = "<group>"; };
		DB7C76732156F6300095B551 /* Base */ = {isa = PBXFileReference; lastKnownFileType = file.storyboard; name = Base; path = Base.lproj/Main.storyboard; sourceTree = "<group>"; };
		DB7C76752156F6300095B551 /* Assets.xcassets */ = {isa = PBXFileReference; lastKnownFileType = folder.assetcatalog; path = Assets.xcassets; sourceTree = "<group>"; };
		DB7C76782156F6300095B551 /* Base */ = {isa = PBXFileReference; lastKnownFileType = file.storyboard; name = Base; path = Base.lproj/LaunchScreen.storyboard; sourceTree = "<group>"; };
		DB7C767A2156F6300095B551 /* Info.plist */ = {isa = PBXFileReference; lastKnownFileType = text.plist.xml; path = Info.plist; sourceTree = "<group>"; };
		DB7C767F2156F6300095B551 /* FlixTests.xctest */ = {isa = PBXFileReference; explicitFileType = wrapper.cfbundle; includeInIndex = 0; path = FlixTests.xctest; sourceTree = BUILT_PRODUCTS_DIR; };
		DB7C76832156F6300095B551 /* FlixTests.swift */ = {isa = PBXFileReference; lastKnownFileType = sourcecode.swift; path = FlixTests.swift; sourceTree = "<group>"; };
		DB7C76852156F6300095B551 /* Info.plist */ = {isa = PBXFileReference; lastKnownFileType = text.plist.xml; path = Info.plist; sourceTree = "<group>"; };
		DB7C768A2156F6300095B551 /* FlixUITests.xctest */ = {isa = PBXFileReference; explicitFileType = wrapper.cfbundle; includeInIndex = 0; path = FlixUITests.xctest; sourceTree = BUILT_PRODUCTS_DIR; };
		DB7C768E2156F6300095B551 /* FlixUITests.swift */ = {isa = PBXFileReference; lastKnownFileType = sourcecode.swift; path = FlixUITests.swift; sourceTree = "<group>"; };
		DB7C76902156F6300095B551 /* Info.plist */ = {isa = PBXFileReference; lastKnownFileType = text.plist.xml; path = Info.plist; sourceTree = "<group>"; };
		DB7C769C2156F7720095B551 /* NowPlayingViewController.swift */ = {isa = PBXFileReference; lastKnownFileType = sourcecode.swift; path = NowPlayingViewController.swift; sourceTree = "<group>"; };
		DB7C769E2156FEAE0095B551 /* MovieCell.swift */ = {isa = PBXFileReference; lastKnownFileType = sourcecode.swift; path = MovieCell.swift; sourceTree = "<group>"; };
		E9C6D1452D27B195F215DE3D /* Pods-FlixTests.debug.xcconfig */ = {isa = PBXFileReference; includeInIndex = 1; lastKnownFileType = text.xcconfig; name = "Pods-FlixTests.debug.xcconfig"; path = "Pods/Target Support Files/Pods-FlixTests/Pods-FlixTests.debug.xcconfig"; sourceTree = "<group>"; };
/* End PBXFileReference section */

/* Begin PBXFrameworksBuildPhase section */
		DB7C76682156F6300095B551 /* Frameworks */ = {
			isa = PBXFrameworksBuildPhase;
			buildActionMask = 2147483647;
			files = (
				65E228507EACFD5A976F60CA /* Pods_Flix.framework in Frameworks */,
			);
			runOnlyForDeploymentPostprocessing = 0;
		};
		DB7C767C2156F6300095B551 /* Frameworks */ = {
			isa = PBXFrameworksBuildPhase;
			buildActionMask = 2147483647;
			files = (
				D332897D65AF9CC260D879AB /* Pods_FlixTests.framework in Frameworks */,
			);
			runOnlyForDeploymentPostprocessing = 0;
		};
		DB7C76872156F6300095B551 /* Frameworks */ = {
			isa = PBXFrameworksBuildPhase;
			buildActionMask = 2147483647;
			files = (
				88503015C3DE424F25640772 /* Pods_FlixUITests.framework in Frameworks */,
			);
			runOnlyForDeploymentPostprocessing = 0;
		};
/* End PBXFrameworksBuildPhase section */

/* Begin PBXGroup section */
		A0B45D8D1A2CA49C51378A18 /* Pods */ = {
			isa = PBXGroup;
			children = (
				951BA74079BBA59CACDAB9C9 /* Pods-Flix.debug.xcconfig */,
				7235F2A7A50449100A473040 /* Pods-Flix.release.xcconfig */,
				E9C6D1452D27B195F215DE3D /* Pods-FlixTests.debug.xcconfig */,
				824E4233BD6DDF0325D3841C /* Pods-FlixTests.release.xcconfig */,
				3CABAC138A6CA9B66E44EEC5 /* Pods-FlixUITests.debug.xcconfig */,
				AA607FFC8237FBC4788DCD1C /* Pods-FlixUITests.release.xcconfig */,
			);
			name = Pods;
			sourceTree = "<group>";
		};
		B48B62DAA6A14AC1C762D011 /* Frameworks */ = {
			isa = PBXGroup;
			children = (
				4D548EDA1658ED7DA96C0E3E /* Pods_Flix.framework */,
				B82E6EC5DA93125F4EC5721D /* Pods_FlixTests.framework */,
				8F52197F063CBC6BCCD768A2 /* Pods_FlixUITests.framework */,
			);
			name = Frameworks;
			sourceTree = "<group>";
		};
		DB7C76622156F6300095B551 = {
			isa = PBXGroup;
			children = (
				DB7C766D2156F6300095B551 /* Flix */,
				DB7C76822156F6300095B551 /* FlixTests */,
				DB7C768D2156F6300095B551 /* FlixUITests */,
				DB7C766C2156F6300095B551 /* Products */,
				A0B45D8D1A2CA49C51378A18 /* Pods */,
				B48B62DAA6A14AC1C762D011 /* Frameworks */,
			);
			sourceTree = "<group>";
		};
		DB7C766C2156F6300095B551 /* Products */ = {
			isa = PBXGroup;
			children = (
				DB7C766B2156F6300095B551 /* Flix.app */,
				DB7C767F2156F6300095B551 /* FlixTests.xctest */,
				DB7C768A2156F6300095B551 /* FlixUITests.xctest */,
			);
			name = Products;
			sourceTree = "<group>";
		};
		DB7C766D2156F6300095B551 /* Flix */ = {
			isa = PBXGroup;
			children = (
				DB7C769C2156F7720095B551 /* NowPlayingViewController.swift */,
				DB7C766E2156F6300095B551 /* AppDelegate.swift */,
				DB7C76722156F6300095B551 /* Main.storyboard */,
				DB7C76752156F6300095B551 /* Assets.xcassets */,
				DB7C76772156F6300095B551 /* LaunchScreen.storyboard */,
				DB7C767A2156F6300095B551 /* Info.plist */,
				DB7C769E2156FEAE0095B551 /* MovieCell.swift */,
			);
			path = Flix;
			sourceTree = "<group>";
		};
		DB7C76822156F6300095B551 /* FlixTests */ = {
			isa = PBXGroup;
			children = (
				DB7C76832156F6300095B551 /* FlixTests.swift */,
				DB7C76852156F6300095B551 /* Info.plist */,
			);
			path = FlixTests;
			sourceTree = "<group>";
		};
		DB7C768D2156F6300095B551 /* FlixUITests */ = {
			isa = PBXGroup;
			children = (
				DB7C768E2156F6300095B551 /* FlixUITests.swift */,
				DB7C76902156F6300095B551 /* Info.plist */,
			);
			path = FlixUITests;
			sourceTree = "<group>";
		};
/* End PBXGroup section */

/* Begin PBXNativeTarget section */
		DB7C766A2156F6300095B551 /* Flix */ = {
			isa = PBXNativeTarget;
			buildConfigurationList = DB7C76932156F6300095B551 /* Build configuration list for PBXNativeTarget "Flix" */;
			buildPhases = (
				4B6B8CFAC8A4F25A8A6B3AFF /* [CP] Check Pods Manifest.lock */,
				DB7C76672156F6300095B551 /* Sources */,
				DB7C76682156F6300095B551 /* Frameworks */,
				DB7C76692156F6300095B551 /* Resources */,
				82E7C12502B4CE3F62DDB194 /* [CP] Embed Pods Frameworks */,
			);
			buildRules = (
			);
			dependencies = (
			);
			name = Flix;
			productName = Flix;
			productReference = DB7C766B2156F6300095B551 /* Flix.app */;
			productType = "com.apple.product-type.application";
		};
		DB7C767E2156F6300095B551 /* FlixTests */ = {
			isa = PBXNativeTarget;
			buildConfigurationList = DB7C76962156F6300095B551 /* Build configuration list for PBXNativeTarget "FlixTests" */;
			buildPhases = (
				93FE7D47FC4BAB3515D9055F /* [CP] Check Pods Manifest.lock */,
				DB7C767B2156F6300095B551 /* Sources */,
				DB7C767C2156F6300095B551 /* Frameworks */,
				DB7C767D2156F6300095B551 /* Resources */,
			);
			buildRules = (
			);
			dependencies = (
				DB7C76812156F6300095B551 /* PBXTargetDependency */,
			);
			name = FlixTests;
			productName = FlixTests;
			productReference = DB7C767F2156F6300095B551 /* FlixTests.xctest */;
			productType = "com.apple.product-type.bundle.unit-test";
		};
		DB7C76892156F6300095B551 /* FlixUITests */ = {
			isa = PBXNativeTarget;
			buildConfigurationList = DB7C76992156F6300095B551 /* Build configuration list for PBXNativeTarget "FlixUITests" */;
			buildPhases = (
				44349FEB1FA5ED0C83F19A0B /* [CP] Check Pods Manifest.lock */,
				DB7C76862156F6300095B551 /* Sources */,
				DB7C76872156F6300095B551 /* Frameworks */,
				DB7C76882156F6300095B551 /* Resources */,
			);
			buildRules = (
			);
			dependencies = (
				DB7C768C2156F6300095B551 /* PBXTargetDependency */,
			);
			name = FlixUITests;
			productName = FlixUITests;
			productReference = DB7C768A2156F6300095B551 /* FlixUITests.xctest */;
			productType = "com.apple.product-type.bundle.ui-testing";
		};
/* End PBXNativeTarget section */

/* Begin PBXProject section */
		DB7C76632156F6300095B551 /* Project object */ = {
			isa = PBXProject;
			attributes = {
				LastSwiftUpdateCheck = 1000;
				LastUpgradeCheck = 1000;
				ORGANIZATIONNAME = "Cesar Gutierrez";
				TargetAttributes = {
					DB7C766A2156F6300095B551 = {
						CreatedOnToolsVersion = 10.0;
					};
					DB7C767E2156F6300095B551 = {
						CreatedOnToolsVersion = 10.0;
						TestTargetID = DB7C766A2156F6300095B551;
					};
					DB7C76892156F6300095B551 = {
						CreatedOnToolsVersion = 10.0;
						TestTargetID = DB7C766A2156F6300095B551;
					};
				};
			};
			buildConfigurationList = DB7C76662156F6300095B551 /* Build configuration list for PBXProject "Flix" */;
			compatibilityVersion = "Xcode 9.3";
			developmentRegion = en;
			hasScannedForEncodings = 0;
			knownRegions = (
				en,
				Base,
			);
			mainGroup = DB7C76622156F6300095B551;
			productRefGroup = DB7C766C2156F6300095B551 /* Products */;
			projectDirPath = "";
			projectRoot = "";
			targets = (
				DB7C766A2156F6300095B551 /* Flix */,
				DB7C767E2156F6300095B551 /* FlixTests */,
				DB7C76892156F6300095B551 /* FlixUITests */,
			);
		};
/* End PBXProject section */

/* Begin PBXResourcesBuildPhase section */
		DB7C76692156F6300095B551 /* Resources */ = {
			isa = PBXResourcesBuildPhase;
			buildActionMask = 2147483647;
			files = (
				DB7C76792156F6300095B551 /* LaunchScreen.storyboard in Resources */,
				DB7C76762156F6300095B551 /* Assets.xcassets in Resources */,
				DB7C76742156F6300095B551 /* Main.storyboard in Resources */,
			);
			runOnlyForDeploymentPostprocessing = 0;
		};
		DB7C767D2156F6300095B551 /* Resources */ = {
			isa = PBXResourcesBuildPhase;
			buildActionMask = 2147483647;
			files = (
			);
			runOnlyForDeploymentPostprocessing = 0;
		};
		DB7C76882156F6300095B551 /* Resources */ = {
			isa = PBXResourcesBuildPhase;
			buildActionMask = 2147483647;
			files = (
			);
			runOnlyForDeploymentPostprocessing = 0;
		};
/* End PBXResourcesBuildPhase section */

/* Begin PBXShellScriptBuildPhase section */
		44349FEB1FA5ED0C83F19A0B /* [CP] Check Pods Manifest.lock */ = {
			isa = PBXShellScriptBuildPhase;
			buildActionMask = 2147483647;
			files = (
			);
			inputFileListPaths = (
			);
			inputPaths = (
				"${PODS_PODFILE_DIR_PATH}/Podfile.lock",
				"${PODS_ROOT}/Manifest.lock",
			);
			name = "[CP] Check Pods Manifest.lock";
			outputFileListPaths = (
			);
			outputPaths = (
				"$(DERIVED_FILE_DIR)/Pods-FlixUITests-checkManifestLockResult.txt",
			);
			runOnlyForDeploymentPostprocessing = 0;
			shellPath = /bin/sh;
			shellScript = "diff \"${PODS_PODFILE_DIR_PATH}/Podfile.lock\" \"${PODS_ROOT}/Manifest.lock\" > /dev/null\nif [ $? != 0 ] ; then\n    # print error to STDERR\n    echo \"error: The sandbox is not in sync with the Podfile.lock. Run 'pod install' or update your CocoaPods installation.\" >&2\n    exit 1\nfi\n# This output is used by Xcode 'outputs' to avoid re-running this script phase.\necho \"SUCCESS\" > \"${SCRIPT_OUTPUT_FILE_0}\"\n";
			showEnvVarsInLog = 0;
		};
		4B6B8CFAC8A4F25A8A6B3AFF /* [CP] Check Pods Manifest.lock */ = {
			isa = PBXShellScriptBuildPhase;
			buildActionMask = 2147483647;
			files = (
			);
			inputFileListPaths = (
			);
			inputPaths = (
				"${PODS_PODFILE_DIR_PATH}/Podfile.lock",
				"${PODS_ROOT}/Manifest.lock",
			);
			name = "[CP] Check Pods Manifest.lock";
			outputFileListPaths = (
			);
			outputPaths = (
				"$(DERIVED_FILE_DIR)/Pods-Flix-checkManifestLockResult.txt",
			);
			runOnlyForDeploymentPostprocessing = 0;
			shellPath = /bin/sh;
			shellScript = "diff \"${PODS_PODFILE_DIR_PATH}/Podfile.lock\" \"${PODS_ROOT}/Manifest.lock\" > /dev/null\nif [ $? != 0 ] ; then\n    # print error to STDERR\n    echo \"error: The sandbox is not in sync with the Podfile.lock. Run 'pod install' or update your CocoaPods installation.\" >&2\n    exit 1\nfi\n# This output is used by Xcode 'outputs' to avoid re-running this script phase.\necho \"SUCCESS\" > \"${SCRIPT_OUTPUT_FILE_0}\"\n";
			showEnvVarsInLog = 0;
		};
		82E7C12502B4CE3F62DDB194 /* [CP] Embed Pods Frameworks */ = {
			isa = PBXShellScriptBuildPhase;
			buildActionMask = 2147483647;
			files = (
			);
			inputFileListPaths = (
			);
			inputPaths = (
				"${SRCROOT}/Pods/Target Support Files/Pods-Flix/Pods-Flix-frameworks.sh",
				"${BUILT_PRODUCTS_DIR}/Alamofire/Alamofire.framework",
				"${BUILT_PRODUCTS_DIR}/AlamofireImage/AlamofireImage.framework",
			);
			name = "[CP] Embed Pods Frameworks";
			outputFileListPaths = (
			);
			outputPaths = (
				"${TARGET_BUILD_DIR}/${FRAMEWORKS_FOLDER_PATH}/Alamofire.framework",
				"${TARGET_BUILD_DIR}/${FRAMEWORKS_FOLDER_PATH}/AlamofireImage.framework",
			);
			runOnlyForDeploymentPostprocessing = 0;
			shellPath = /bin/sh;
			shellScript = "\"${SRCROOT}/Pods/Target Support Files/Pods-Flix/Pods-Flix-frameworks.sh\"\n";
			showEnvVarsInLog = 0;
		};
		93FE7D47FC4BAB3515D9055F /* [CP] Check Pods Manifest.lock */ = {
			isa = PBXShellScriptBuildPhase;
			buildActionMask = 2147483647;
			files = (
			);
			inputFileListPaths = (
			);
			inputPaths = (
				"${PODS_PODFILE_DIR_PATH}/Podfile.lock",
				"${PODS_ROOT}/Manifest.lock",
			);
			name = "[CP] Check Pods Manifest.lock";
			outputFileListPaths = (
			);
			outputPaths = (
				"$(DERIVED_FILE_DIR)/Pods-FlixTests-checkManifestLockResult.txt",
			);
			runOnlyForDeploymentPostprocessing = 0;
			shellPath = /bin/sh;
			shellScript = "diff \"${PODS_PODFILE_DIR_PATH}/Podfile.lock\" \"${PODS_ROOT}/Manifest.lock\" > /dev/null\nif [ $? != 0 ] ; then\n    # print error to STDERR\n    echo \"error: The sandbox is not in sync with the Podfile.lock. Run 'pod install' or update your CocoaPods installation.\" >&2\n    exit 1\nfi\n# This output is used by Xcode 'outputs' to avoid re-running this script phase.\necho \"SUCCESS\" > \"${SCRIPT_OUTPUT_FILE_0}\"\n";
			showEnvVarsInLog = 0;
		};
/* End PBXShellScriptBuildPhase section */

/* Begin PBXSourcesBuildPhase section */
		DB7C76672156F6300095B551 /* Sources */ = {
			isa = PBXSourcesBuildPhase;
			buildActionMask = 2147483647;
			files = (
				DB7C769D2156F7720095B551 /* NowPlayingViewController.swift in Sources */,
				DB7C766F2156F6300095B551 /* AppDelegate.swift in Sources */,
				DB7C769F2156FEAE0095B551 /* MovieCell.swift in Sources */,
			);
			runOnlyForDeploymentPostprocessing = 0;
		};
		DB7C767B2156F6300095B551 /* Sources */ = {
			isa = PBXSourcesBuildPhase;
			buildActionMask = 2147483647;
			files = (
				DB7C76842156F6300095B551 /* FlixTests.swift in Sources */,
			);
			runOnlyForDeploymentPostprocessing = 0;
		};
		DB7C76862156F6300095B551 /* Sources */ = {
			isa = PBXSourcesBuildPhase;
			buildActionMask = 2147483647;
			files = (
				DB7C768F2156F6300095B551 /* FlixUITests.swift in Sources */,
			);
			runOnlyForDeploymentPostprocessing = 0;
		};
/* End PBXSourcesBuildPhase section */

/* Begin PBXTargetDependency section */
		DB7C76812156F6300095B551 /* PBXTargetDependency */ = {
			isa = PBXTargetDependency;
			target = DB7C766A2156F6300095B551 /* Flix */;
			targetProxy = DB7C76802156F6300095B551 /* PBXContainerItemProxy */;
		};
		DB7C768C2156F6300095B551 /* PBXTargetDependency */ = {
			isa = PBXTargetDependency;
			target = DB7C766A2156F6300095B551 /* Flix */;
			targetProxy = DB7C768B2156F6300095B551 /* PBXContainerItemProxy */;
		};
/* End PBXTargetDependency section */

/* Begin PBXVariantGroup section */
		DB7C76722156F6300095B551 /* Main.storyboard */ = {
			isa = PBXVariantGroup;
			children = (
				DB7C76732156F6300095B551 /* Base */,
			);
			name = Main.storyboard;
			sourceTree = "<group>";
		};
		DB7C76772156F6300095B551 /* LaunchScreen.storyboard */ = {
			isa = PBXVariantGroup;
			children = (
				DB7C76782156F6300095B551 /* Base */,
			);
			name = LaunchScreen.storyboard;
			sourceTree = "<group>";
		};
/* End PBXVariantGroup section */

/* Begin XCBuildConfiguration section */
		DB7C76912156F6300095B551 /* Debug */ = {
			isa = XCBuildConfiguration;
			buildSettings = {
				ALWAYS_SEARCH_USER_PATHS = NO;
				CLANG_ANALYZER_NONNULL = YES;
				CLANG_ANALYZER_NUMBER_OBJECT_CONVERSION = YES_AGGRESSIVE;
				CLANG_CXX_LANGUAGE_STANDARD = "gnu++14";
				CLANG_CXX_LIBRARY = "libc++";
				CLANG_ENABLE_MODULES = YES;
				CLANG_ENABLE_OBJC_ARC = YES;
				CLANG_ENABLE_OBJC_WEAK = YES;
				CLANG_WARN_BLOCK_CAPTURE_AUTORELEASING = YES;
				CLANG_WARN_BOOL_CONVERSION = YES;
				CLANG_WARN_COMMA = YES;
				CLANG_WARN_CONSTANT_CONVERSION = YES;
				CLANG_WARN_DEPRECATED_OBJC_IMPLEMENTATIONS = YES;
				CLANG_WARN_DIRECT_OBJC_ISA_USAGE = YES_ERROR;
				CLANG_WARN_DOCUMENTATION_COMMENTS = YES;
				CLANG_WARN_EMPTY_BODY = YES;
				CLANG_WARN_ENUM_CONVERSION = YES;
				CLANG_WARN_INFINITE_RECURSION = YES;
				CLANG_WARN_INT_CONVERSION = YES;
				CLANG_WARN_NON_LITERAL_NULL_CONVERSION = YES;
				CLANG_WARN_OBJC_IMPLICIT_RETAIN_SELF = YES;
				CLANG_WARN_OBJC_LITERAL_CONVERSION = YES;
				CLANG_WARN_OBJC_ROOT_CLASS = YES_ERROR;
				CLANG_WARN_RANGE_LOOP_ANALYSIS = YES;
				CLANG_WARN_STRICT_PROTOTYPES = YES;
				CLANG_WARN_SUSPICIOUS_MOVE = YES;
				CLANG_WARN_UNGUARDED_AVAILABILITY = YES_AGGRESSIVE;
				CLANG_WARN_UNREACHABLE_CODE = YES;
				CLANG_WARN__DUPLICATE_METHOD_MATCH = YES;
				CODE_SIGN_IDENTITY = "iPhone Developer";
				COPY_PHASE_STRIP = NO;
				DEBUG_INFORMATION_FORMAT = dwarf;
				ENABLE_STRICT_OBJC_MSGSEND = YES;
				ENABLE_TESTABILITY = YES;
				GCC_C_LANGUAGE_STANDARD = gnu11;
				GCC_DYNAMIC_NO_PIC = NO;
				GCC_NO_COMMON_BLOCKS = YES;
				GCC_OPTIMIZATION_LEVEL = 0;
				GCC_PREPROCESSOR_DEFINITIONS = (
					"DEBUG=1",
					"$(inherited)",
				);
				GCC_WARN_64_TO_32_BIT_CONVERSION = YES;
				GCC_WARN_ABOUT_RETURN_TYPE = YES_ERROR;
				GCC_WARN_UNDECLARED_SELECTOR = YES;
				GCC_WARN_UNINITIALIZED_AUTOS = YES_AGGRESSIVE;
				GCC_WARN_UNUSED_FUNCTION = YES;
				GCC_WARN_UNUSED_VARIABLE = YES;
				IPHONEOS_DEPLOYMENT_TARGET = 12.0;
				MTL_ENABLE_DEBUG_INFO = INCLUDE_SOURCE;
				MTL_FAST_MATH = YES;
				ONLY_ACTIVE_ARCH = YES;
				SDKROOT = iphoneos;
				SWIFT_ACTIVE_COMPILATION_CONDITIONS = DEBUG;
				SWIFT_OPTIMIZATION_LEVEL = "-Onone";
			};
			name = Debug;
		};
		DB7C76922156F6300095B551 /* Release */ = {
			isa = XCBuildConfiguration;
			buildSettings = {
				ALWAYS_SEARCH_USER_PATHS = NO;
				CLANG_ANALYZER_NONNULL = YES;
				CLANG_ANALYZER_NUMBER_OBJECT_CONVERSION = YES_AGGRESSIVE;
				CLANG_CXX_LANGUAGE_STANDARD = "gnu++14";
				CLANG_CXX_LIBRARY = "libc++";
				CLANG_ENABLE_MODULES = YES;
				CLANG_ENABLE_OBJC_ARC = YES;
				CLANG_ENABLE_OBJC_WEAK = YES;
				CLANG_WARN_BLOCK_CAPTURE_AUTORELEASING = YES;
				CLANG_WARN_BOOL_CONVERSION = YES;
				CLANG_WARN_COMMA = YES;
				CLANG_WARN_CONSTANT_CONVERSION = YES;
				CLANG_WARN_DEPRECATED_OBJC_IMPLEMENTATIONS = YES;
				CLANG_WARN_DIRECT_OBJC_ISA_USAGE = YES_ERROR;
				CLANG_WARN_DOCUMENTATION_COMMENTS = YES;
				CLANG_WARN_EMPTY_BODY = YES;
				CLANG_WARN_ENUM_CONVERSION = YES;
				CLANG_WARN_INFINITE_RECURSION = YES;
				CLANG_WARN_INT_CONVERSION = YES;
				CLANG_WARN_NON_LITERAL_NULL_CONVERSION = YES;
				CLANG_WARN_OBJC_IMPLICIT_RETAIN_SELF = YES;
				CLANG_WARN_OBJC_LITERAL_CONVERSION = YES;
				CLANG_WARN_OBJC_ROOT_CLASS = YES_ERROR;
				CLANG_WARN_RANGE_LOOP_ANALYSIS = YES;
				CLANG_WARN_STRICT_PROTOTYPES = YES;
				CLANG_WARN_SUSPICIOUS_MOVE = YES;
				CLANG_WARN_UNGUARDED_AVAILABILITY = YES_AGGRESSIVE;
				CLANG_WARN_UNREACHABLE_CODE = YES;
				CLANG_WARN__DUPLICATE_METHOD_MATCH = YES;
				CODE_SIGN_IDENTITY = "iPhone Developer";
				COPY_PHASE_STRIP = NO;
				DEBUG_INFORMATION_FORMAT = "dwarf-with-dsym";
				ENABLE_NS_ASSERTIONS = NO;
				ENABLE_STRICT_OBJC_MSGSEND = YES;
				GCC_C_LANGUAGE_STANDARD = gnu11;
				GCC_NO_COMMON_BLOCKS = YES;
				GCC_WARN_64_TO_32_BIT_CONVERSION = YES;
				GCC_WARN_ABOUT_RETURN_TYPE = YES_ERROR;
				GCC_WARN_UNDECLARED_SELECTOR = YES;
				GCC_WARN_UNINITIALIZED_AUTOS = YES_AGGRESSIVE;
				GCC_WARN_UNUSED_FUNCTION = YES;
				GCC_WARN_UNUSED_VARIABLE = YES;
				IPHONEOS_DEPLOYMENT_TARGET = 12.0;
				MTL_ENABLE_DEBUG_INFO = NO;
				MTL_FAST_MATH = YES;
				SDKROOT = iphoneos;
				SWIFT_COMPILATION_MODE = wholemodule;
				SWIFT_OPTIMIZATION_LEVEL = "-O";
				VALIDATE_PRODUCT = YES;
			};
			name = Release;
		};
		DB7C76942156F6300095B551 /* Debug */ = {
			isa = XCBuildConfiguration;
			baseConfigurationReference = 951BA74079BBA59CACDAB9C9 /* Pods-Flix.debug.xcconfig */;
			buildSettings = {
				ASSETCATALOG_COMPILER_APPICON_NAME = AppIcon;
				CODE_SIGN_STYLE = Automatic;
				INFOPLIST_FILE = Flix/Info.plist;
				LD_RUNPATH_SEARCH_PATHS = (
					"$(inherited)",
					"@executable_path/Frameworks",
				);
				PRODUCT_BUNDLE_IDENTIFIER = com.codepath.Flix;
				PRODUCT_NAME = "$(TARGET_NAME)";
				SWIFT_VERSION = 4.2;
				TARGETED_DEVICE_FAMILY = "1,2";
			};
			name = Debug;
		};
		DB7C76952156F6300095B551 /* Release */ = {
			isa = XCBuildConfiguration;
			baseConfigurationReference = 7235F2A7A50449100A473040 /* Pods-Flix.release.xcconfig */;
			buildSettings = {
				ASSETCATALOG_COMPILER_APPICON_NAME = AppIcon;
				CODE_SIGN_STYLE = Automatic;
				INFOPLIST_FILE = Flix/Info.plist;
				LD_RUNPATH_SEARCH_PATHS = (
					"$(inherited)",
					"@executable_path/Frameworks",
				);
				PRODUCT_BUNDLE_IDENTIFIER = com.codepath.Flix;
				PRODUCT_NAME = "$(TARGET_NAME)";
				SWIFT_VERSION = 4.2;
				TARGETED_DEVICE_FAMILY = "1,2";
			};
			name = Release;
		};
		DB7C76972156F6300095B551 /* Debug */ = {
			isa = XCBuildConfiguration;
			baseConfigurationReference = E9C6D1452D27B195F215DE3D /* Pods-FlixTests.debug.xcconfig */;
			buildSettings = {
				ALWAYS_EMBED_SWIFT_STANDARD_LIBRARIES = YES;
				BUNDLE_LOADER = "$(TEST_HOST)";
				CODE_SIGN_STYLE = Automatic;
				INFOPLIST_FILE = FlixTests/Info.plist;
				LD_RUNPATH_SEARCH_PATHS = (
					"$(inherited)",
					"@executable_path/Frameworks",
					"@loader_path/Frameworks",
				);
				PRODUCT_BUNDLE_IDENTIFIER = com.codepath.FlixTests;
				PRODUCT_NAME = "$(TARGET_NAME)";
				SWIFT_VERSION = 4.2;
				TARGETED_DEVICE_FAMILY = "1,2";
				TEST_HOST = "$(BUILT_PRODUCTS_DIR)/Flix.app/Flix";
			};
			name = Debug;
		};
		DB7C76982156F6300095B551 /* Release */ = {
			isa = XCBuildConfiguration;
			baseConfigurationReference = 824E4233BD6DDF0325D3841C /* Pods-FlixTests.release.xcconfig */;
			buildSettings = {
				ALWAYS_EMBED_SWIFT_STANDARD_LIBRARIES = YES;
				BUNDLE_LOADER = "$(TEST_HOST)";
				CODE_SIGN_STYLE = Automatic;
				INFOPLIST_FILE = FlixTests/Info.plist;
				LD_RUNPATH_SEARCH_PATHS = (
					"$(inherited)",
					"@executable_path/Frameworks",
					"@loader_path/Frameworks",
				);
				PRODUCT_BUNDLE_IDENTIFIER = com.codepath.FlixTests;
				PRODUCT_NAME = "$(TARGET_NAME)";
				SWIFT_VERSION = 4.2;
				TARGETED_DEVICE_FAMILY = "1,2";
				TEST_HOST = "$(BUILT_PRODUCTS_DIR)/Flix.app/Flix";
			};
			name = Release;
		};
		DB7C769A2156F6300095B551 /* Debug */ = {
			isa = XCBuildConfiguration;
			baseConfigurationReference = 3CABAC138A6CA9B66E44EEC5 /* Pods-FlixUITests.debug.xcconfig */;
			buildSettings = {
				ALWAYS_EMBED_SWIFT_STANDARD_LIBRARIES = YES;
				CODE_SIGN_STYLE = Automatic;
				INFOPLIST_FILE = FlixUITests/Info.plist;
				LD_RUNPATH_SEARCH_PATHS = (
					"$(inherited)",
					"@executable_path/Frameworks",
					"@loader_path/Frameworks",
				);
				PRODUCT_BUNDLE_IDENTIFIER = com.codepath.FlixUITests;
				PRODUCT_NAME = "$(TARGET_NAME)";
				SWIFT_VERSION = 4.2;
				TARGETED_DEVICE_FAMILY = "1,2";
				TEST_TARGET_NAME = Flix;
			};
			name = Debug;
		};
		DB7C769B2156F6300095B551 /* Release */ = {
			isa = XCBuildConfiguration;
			baseConfigurationReference = AA607FFC8237FBC4788DCD1C /* Pods-FlixUITests.release.xcconfig */;
			buildSettings = {
				ALWAYS_EMBED_SWIFT_STANDARD_LIBRARIES = YES;
				CODE_SIGN_STYLE = Automatic;
				INFOPLIST_FILE = FlixUITests/Info.plist;
				LD_RUNPATH_SEARCH_PATHS = (
					"$(inherited)",
					"@executable_path/Frameworks",
					"@loader_path/Frameworks",
				);
				PRODUCT_BUNDLE_IDENTIFIER = com.codepath.FlixUITests;
				PRODUCT_NAME = "$(TARGET_NAME)";
				SWIFT_VERSION = 4.2;
				TARGETED_DEVICE_FAMILY = "1,2";
				TEST_TARGET_NAME = Flix;
			};
			name = Release;
		};
/* End XCBuildConfiguration section */

/* Begin XCConfigurationList section */
		DB7C76662156F6300095B551 /* Build configuration list for PBXProject "Flix" */ = {
			isa = XCConfigurationList;
			buildConfigurations = (
				DB7C76912156F6300095B551 /* Debug */,
				DB7C76922156F6300095B551 /* Release */,
			);
			defaultConfigurationIsVisible = 0;
			defaultConfigurationName = Release;
		};
		DB7C76932156F6300095B551 /* Build configuration list for PBXNativeTarget "Flix" */ = {
			isa = XCConfigurationList;
			buildConfigurations = (
				DB7C76942156F6300095B551 /* Debug */,
				DB7C76952156F6300095B551 /* Release */,
			);
			defaultConfigurationIsVisible = 0;
			defaultConfigurationName = Release;
		};
		DB7C76962156F6300095B551 /* Build configuration list for PBXNativeTarget "FlixTests" */ = {
			isa = XCConfigurationList;
			buildConfigurations = (
				DB7C76972156F6300095B551 /* Debug */,
				DB7C76982156F6300095B551 /* Release */,
			);
			defaultConfigurationIsVisible = 0;
			defaultConfigurationName = Release;
		};
		DB7C76992156F6300095B551 /* Build configuration list for PBXNativeTarget "FlixUITests" */ = {
			isa = XCConfigurationList;
			buildConfigurations = (
				DB7C769A2156F6300095B551 /* Debug */,
				DB7C769B2156F6300095B551 /* Release */,
			);
			defaultConfigurationIsVisible = 0;
			defaultConfigurationName = Release;
		};
/* End XCConfigurationList section */
	};
	rootObject = DB7C76632156F6300095B551 /* Project object */;
}
